<?xml version="1.0" encoding="utf-8"?>
<Project ToolsVersion="4.0" xmlns="http://schemas.microsoft.com/developer/msbuild/2003">
  <ItemGroup>
    <Filter Include="Source Files">
      <UniqueIdentifier>{4FC737F1-C7A5-4376-A066-2A32D752A2FF}</UniqueIdentifier>
      <Extensions>cpp;c;cc;cxx;c++;cppm;ixx;def;odl;idl;hpj;bat;asm;asmx</Extensions>
    </Filter>
    <Filter Include="Header Files">
      <UniqueIdentifier>{93995380-89BD-4b04-88EB-625FBE52EBFB}</UniqueIdentifier>
      <Extensions>h;hh;hpp;hxx;h++;hm;inl;inc;ipp;xsd</Extensions>
    </Filter>
    <Filter Include="Resource Files">
      <UniqueIdentifier>{67DA6AB6-F800-4c08-8B7A-83BB121AAD01}</UniqueIdentifier>
      <Extensions>rc;ico;cur;bmp;dlg;rc2;rct;bin;rgs;gif;jpg;jpeg;jpe;resx;tiff;tif;png;wav;mfcribbon-ms</Extensions>
    </Filter>
    <Filter Include="Shader">
      <UniqueIdentifier>{dd0b89d5-e0cb-47e8-8317-e5d2d025a0af}</UniqueIdentifier>
    </Filter>
    <Filter Include="Resource Files\Textures">
      <UniqueIdentifier>{0ffe693f-0918-469e-8739-a0990207d1bf}</UniqueIdentifier>
    </Filter>
  </ItemGroup>
  <ItemGroup>
    <ClInclude Include="framework.h">
      <Filter>Header Files</Filter>
    </ClInclude>
    <ClInclude Include="targetver.h">
      <Filter>Header Files</Filter>
    </ClInclude>
    <ClInclude Include="Resource.h">
      <Filter>Header Files</Filter>
    </ClInclude>
    <ClInclude Include="GraphicsPlayground.h">
      <Filter>Header Files</Filter>
    </ClInclude>
    <ClInclude Include="App.h">
      <Filter>Header Files</Filter>
    </ClInclude>
    <ClInclude Include="WindowSettings.h">
      <Filter>Header Files</Filter>
    </ClInclude>
    <ClInclude Include="Graphics.h">
      <Filter>Header Files</Filter>
    </ClInclude>
    <ClInclude Include="Vertex.h">
      <Filter>Header Files</Filter>
    </ClInclude>
    <ClInclude Include="Camera.h">
      <Filter>Header Files</Filter>
    </ClInclude>
    <ClInclude Include="GameGraphics.h">
      <Filter>Header Files</Filter>
    </ClInclude>
    <ClInclude Include="GraphicsTypes.h">
      <Filter>Header Files</Filter>
    </ClInclude>
    <ClInclude Include="Model.h">
      <Filter>Header Files</Filter>
    </ClInclude>
    <ClInclude Include="MathTypes.h">
      <Filter>Header Files</Filter>
    </ClInclude>
    <ClInclude Include="IShader.h">
      <Filter>Shader</Filter>
    </ClInclude>
    <ClInclude Include="BasicShader.h">
      <Filter>Shader</Filter>
    </ClInclude>
    <ClInclude Include="ShaderKey.h">
      <Filter>Shader</Filter>
    </ClInclude>
    <ClInclude Include="ShaderHelper.h">
      <Filter>Shader</Filter>
    </ClInclude>
    <ClInclude Include="ShaderManager.h">
      <Filter>Shader</Filter>
    </ClInclude>
    <ClInclude Include="ShaderNames.h">
      <Filter>Shader</Filter>
    </ClInclude>
    <ClInclude Include="Release.h">
      <Filter>Header Files</Filter>
    </ClInclude>
    <ClInclude Include="GraphicsBufferConstants.h">
      <Filter>Header Files</Filter>
    </ClInclude>
    <ClInclude Include="GraphicsRasterizerStates.h">
      <Filter>Header Files</Filter>
    </ClInclude>
    <ClInclude Include="Texture.h">
      <Filter>Header Files</Filter>
    </ClInclude>
    <ClInclude Include="Light.h">
      <Filter>Header Files</Filter>
    </ClInclude>
    <ClInclude Include="ShaderBufferConstants.h">
      <Filter>Shader</Filter>
    </ClInclude>
    <ClInclude Include="TextureKey.h">
      <Filter>Header Files</Filter>
    </ClInclude>
  </ItemGroup>
  <ItemGroup>
    <ClCompile Include="GraphicsPlayground.cpp">
      <Filter>Source Files</Filter>
    </ClCompile>
    <ClCompile Include="App.cpp">
      <Filter>Source Files</Filter>
    </ClCompile>
    <ClCompile Include="Graphics.cpp">
      <Filter>Source Files</Filter>
    </ClCompile>
    <ClCompile Include="GameGraphics.cpp">
      <Filter>Source Files</Filter>
    </ClCompile>
    <ClCompile Include="Model.cpp">
      <Filter>Source Files</Filter>
    </ClCompile>
    <ClCompile Include="BasicShader.cpp">
      <Filter>Shader</Filter>
    </ClCompile>
    <ClCompile Include="ShaderHelper.cpp">
      <Filter>Shader</Filter>
    </ClCompile>
    <ClCompile Include="ShaderManager.cpp">
      <Filter>Shader</Filter>
    </ClCompile>
    <ClCompile Include="Texture.cpp">
      <Filter>Source Files</Filter>
    </ClCompile>
  </ItemGroup>
  <ItemGroup>
    <ResourceCompile Include="GraphicsPlayground.rc">
      <Filter>Resource Files</Filter>
    </ResourceCompile>
  </ItemGroup>
  <ItemGroup>
    <Image Include="small.ico">
      <Filter>Resource Files</Filter>
    </Image>
    <Image Include="GraphicsPlayground.ico">
      <Filter>Resource Files</Filter>
    </Image>
    <Image Include="Textures\braynzar.jpg">
      <Filter>Resource Files\Textures</Filter>
    </Image>
    <Image Include="Textures\AluminiumInsulator_Albedo.png">
      <Filter>Resource Files\Textures</Filter>
    </Image>
    <Image Include="Textures\AluminiumInsulator_Height.png">
      <Filter>Resource Files\Textures</Filter>
    </Image>
    <Image Include="Textures\AluminiumInsulator_Metallic.png">
      <Filter>Resource Files\Textures</Filter>
    </Image>
    <Image Include="Textures\AluminiumInsulator_Normal.png">
      <Filter>Resource Files\Textures</Filter>
    </Image>
    <Image Include="Textures\AluminiumInsulator_Roughness.png">
      <Filter>Resource Files\Textures</Filter>
    </Image>
    <Image Include="Textures\Gold_Albedo.png">
      <Filter>Resource Files\Textures</Filter>
    </Image>
    <Image Include="Textures\Gold_Height.png">
      <Filter>Resource Files\Textures</Filter>
    </Image>
    <Image Include="Textures\Gold_Metallic.png">
      <Filter>Resource Files\Textures</Filter>
    </Image>
    <Image Include="Textures\Gold_Normal.png">
      <Filter>Resource Files\Textures</Filter>
    </Image>
    <Image Include="Textures\Gold_Roughness.png">
      <Filter>Resource Files\Textures</Filter>
    </Image>
    <Image Include="Textures\GunMetal_Albedo.png">
      <Filter>Resource Files\Textures</Filter>
    </Image>
    <Image Include="Textures\GunMetal_Height.png">
      <Filter>Resource Files\Textures</Filter>
    </Image>
    <Image Include="Textures\GunMetal_Metallic.png">
      <Filter>Resource Files\Textures</Filter>
    </Image>
    <Image Include="Textures\GunMetal_Normal.png">
      <Filter>Resource Files\Textures</Filter>
    </Image>
    <Image Include="Textures\GunMetal_Roughness.png">
      <Filter>Resource Files\Textures</Filter>
    </Image>
    <Image Include="Textures\ibl_brdf_lut.png">
      <Filter>Resource Files\Textures</Filter>
    </Image>
    <Image Include="Textures\Wood_Albedo.png">
      <Filter>Resource Files\Textures</Filter>
    </Image>
    <Image Include="Textures\Wood_Height.png">
      <Filter>Resource Files\Textures</Filter>
    </Image>
    <Image Include="Textures\Wood_Metallic.png">
      <Filter>Resource Files\Textures</Filter>
    </Image>
    <Image Include="Textures\Wood_Normal.png">
      <Filter>Resource Files\Textures</Filter>
    </Image>
    <Image Include="Textures\Wood_Roughness.png">
      <Filter>Resource Files\Textures</Filter>
    </Image>
  </ItemGroup>
  <ItemGroup>
    <FxCompile Include="BasicVertexShader.hlsl">
      <Filter>Resource Files</Filter>
    </FxCompile>
    <FxCompile Include="BasicPixelShader.hlsl">
      <Filter>Resource Files</Filter>
    </FxCompile>
  </ItemGroup>
  <ItemGroup>
    <Text Include="Thoughts.txt">
      <Filter>Resource Files</Filter>
    </Text>
  </ItemGroup>
</Project>